
Microsoft Visual Studio Solution File, Format Version 12.00
# Visual Studio Version 16
VisualStudioVersion = 16.0.30907.101
MinimumVisualStudioVersion = 10.0.40219.1
Project("{FAE04EC0-301F-11D3-BF4B-00C04F79EFBC}") = "MyDictionaryDemo", "MyDictionaryDemo\MyDictionaryDemo.csproj", "{4496D9BF-894C-48FE-A6FE-FC1B6CEB7170}"
EndProject
Global
	GlobalSection(SolutionConfigurationPlatforms) = preSolution
		Debug|Any CPU = Debug|Any CPU
		Release|Any CPU = Release|Any CPU
	EndGlobalSection
	GlobalSection(ProjectConfigurationPlatforms) = postSolution
		{4496D9BF-894C-48FE-A6FE-FC1B6CEB7170}.Debug|Any CPU.ActiveCfg = Debug|Any CPU
		{4496D9BF-894C-48FE-A6FE-FC1B6CEB7170}.Debug|Any CPU.Build.0 = Debug|Any CPU
		{4496D9BF-894C-48FE-A6FE-FC1B6CEB7170}.Release|Any CPU.ActiveCfg = Release|Any CPU
		{4496D9BF-894C-48FE-A6FE-FC1B6CEB7170}.Release|Any CPU.Build.0 = Release|Any CPU
	EndGlobalSection
	GlobalSection(SolutionProperties) = preSolution
		HideSolutionNode = FALSE
	EndGlobalSection
	GlobalSection(ExtensibilityGlobals) = postSolution
		SolutionGuid = {EF84A988-32B7-4831-93FD-1B6E04B4E4F5}
	EndGlobalSection
EndGlobal
